
Microsoft Visual Studio Solution File, Format Version 12.00
# Visual Studio 14
VisualStudioVersion = 14.0.25420.1
MinimumVisualStudioVersion = 10.0.40219.1
Project("{FAE04EC0-301F-11D3-BF4B-00C04F79EFBC}") = "MLBSchedule.Chart.Application", "MLBSchedule.Chart.Application\MLBSchedule.Chart.Application.csproj", "{CDC18EA8-6DA6-47AD-9D66-B5323441C2D0}"
EndProject
Project("{FAE04EC0-301F-11D3-BF4B-00C04F79EFBC}") = "MLBSchedule.Model", "MBLSchedule.Model\MLBSchedule.Model.csproj", "{BA55853F-43B2-4940-BD32-ADAEE1076F00}"
EndProject
Project("{FAE04EC0-301F-11D3-BF4B-00C04F79EFBC}") = "MLBSchedule.Service", "MLBSchedule.Service\MLBSchedule.Service.csproj", "{470DDCBC-6241-4D5E-81FC-EEBF9E679A0F}"
EndProject
Project("{2150E333-8FDC-42A3-9474-1A3956D46DE8}") = "Data", "Data", "{668D4E1C-B62D-4469-A9E8-DE212B37E107}"
	ProjectSection(SolutionItems) = preProject
		.keep = .keep
		Data\1877sked.txt = Data\1877sked.txt
		Data\1878sked.txt = Data\1878sked.txt
		Data\1879sked.txt = Data\1879sked.txt
		Data\1880sked.txt = Data\1880sked.txt
		Data\1881sked.txt = Data\1881sked.txt
		Data\1882sked.txt = Data\1882sked.txt
		Data\1883sked.txt = Data\1883sked.txt
		Data\1884sked.txt = Data\1884sked.txt
		Data\1885sked.txt = Data\1885sked.txt
		Data\1886sked.txt = Data\1886sked.txt
		Data\1887sked.txt = Data\1887sked.txt
		Data\1888sked.txt = Data\1888sked.txt
		Data\1889sked.txt = Data\1889sked.txt
		Data\1890sked.txt = Data\1890sked.txt
		Data\1891sked.txt = Data\1891sked.txt
		Data\1892sked.txt = Data\1892sked.txt
		Data\1893sked.txt = Data\1893sked.txt
		Data\1894sked.txt = Data\1894sked.txt
		Data\1895sked.txt = Data\1895sked.txt
		Data\1896sked.txt = Data\1896sked.txt
		Data\1897sked.txt = Data\1897sked.txt
		Data\1898sked.txt = Data\1898sked.txt
		Data\1899sked.txt = Data\1899sked.txt
		Data\1900sked.txt = Data\1900sked.txt
		Data\1901sked.txt = Data\1901sked.txt
		Data\1902sked.txt = Data\1902sked.txt
		Data\1903sked.txt = Data\1903sked.txt
		Data\1904sked.txt = Data\1904sked.txt
		Data\1905sked.txt = Data\1905sked.txt
		Data\1906sked.txt = Data\1906sked.txt
		Data\1907sked.txt = Data\1907sked.txt
		Data\1908sked.txt = Data\1908sked.txt
		Data\1909sked.txt = Data\1909sked.txt
		Data\1910sked.txt = Data\1910sked.txt
		Data\1911sked.txt = Data\1911sked.txt
		Data\1912sked.txt = Data\1912sked.txt
		Data\1913sked.txt = Data\1913sked.txt
		Data\1914sked.txt = Data\1914sked.txt
		Data\1915sked.txt = Data\1915sked.txt
		Data\1916sked.txt = Data\1916sked.txt
		Data\1917sked.txt = Data\1917sked.txt
		Data\1918sked.txt = Data\1918sked.txt
		Data\1919sked.txt = Data\1919sked.txt
		Data\1920sked.txt = Data\1920sked.txt
		Data\1921sked.txt = Data\1921sked.txt
		Data\1922sked.txt = Data\1922sked.txt
		Data\1923sked.txt = Data\1923sked.txt
		Data\1924sked.txt = Data\1924sked.txt
		Data\1925sked.txt = Data\1925sked.txt
		Data\1926sked.txt = Data\1926sked.txt
		Data\1927sked.txt = Data\1927sked.txt
		Data\1928sked.txt = Data\1928sked.txt
		Data\1929sked.txt = Data\1929sked.txt
		Data\1930sked.txt = Data\1930sked.txt
		Data\1931sked.txt = Data\1931sked.txt
		Data\1932sked.txt = Data\1932sked.txt
		Data\1933sked.txt = Data\1933sked.txt
		Data\1934sked.txt = Data\1934sked.txt
		Data\1935sked.txt = Data\1935sked.txt
		Data\1936sked.txt = Data\1936sked.txt
		Data\1937sked.txt = Data\1937sked.txt
		Data\1938sked.txt = Data\1938sked.txt
		Data\1939sked.txt = Data\1939sked.txt
		Data\1940sked.txt = Data\1940sked.txt
		Data\1941sked.txt = Data\1941sked.txt
		Data\1942sked.txt = Data\1942sked.txt
		Data\1943sked.txt = Data\1943sked.txt
		Data\1944sked.txt = Data\1944sked.txt
		Data\1945sked.txt = Data\1945sked.txt
		Data\1946sked.txt = Data\1946sked.txt
		Data\1947sked.txt = Data\1947sked.txt
		Data\1948sked.txt = Data\1948sked.txt
		Data\1949sked.txt = Data\1949sked.txt
		Data\1950sked.txt = Data\1950sked.txt
		Data\1951sked.txt = Data\1951sked.txt
		Data\1952sked.txt = Data\1952sked.txt
		Data\1953sked.txt = Data\1953sked.txt
		Data\1954sked.txt = Data\1954sked.txt
		Data\1955sked.txt = Data\1955sked.txt
		Data\1956sked.txt = Data\1956sked.txt
		Data\1957sked.txt = Data\1957sked.txt
		Data\1958sked.txt = Data\1958sked.txt
		Data\1959sked.txt = Data\1959sked.txt
		Data\1960sked.txt = Data\1960sked.txt
		Data\1961sked.txt = Data\1961sked.txt
		Data\1962sked.txt = Data\1962sked.txt
		Data\1963sked.txt = Data\1963sked.txt
		Data\1964sked.txt = Data\1964sked.txt
		Data\1965sked.txt = Data\1965sked.txt
		Data\1966sked.txt = Data\1966sked.txt
		Data\1967sked.txt = Data\1967sked.txt
		Data\1968sked.txt = Data\1968sked.txt
		Data\1969sked.txt = Data\1969sked.txt
		Data\1970sked.txt = Data\1970sked.txt
		Data\1971sked.txt = Data\1971sked.txt
		Data\1972sked.txt = Data\1972sked.txt
		Data\1973sked.txt = Data\1973sked.txt
		Data\1974sked.txt = Data\1974sked.txt
		Data\1975sked.txt = Data\1975sked.txt
		Data\1976sked.txt = Data\1976sked.txt
		Data\1977sked.txt = Data\1977sked.txt
		Data\1978sked.txt = Data\1978sked.txt
		Data\1979sked.txt = Data\1979sked.txt
		Data\1980sked.txt = Data\1980sked.txt
		Data\1981sked.txt = Data\1981sked.txt
		Data\1982sked.txt = Data\1982sked.txt
		Data\1983sked.txt = Data\1983sked.txt
		Data\1984sked.txt = Data\1984sked.txt
		Data\1985sked.txt = Data\1985sked.txt
		Data\1986sked.txt = Data\1986sked.txt
		Data\1987sked.txt = Data\1987sked.txt
		Data\1988sked.txt = Data\1988sked.txt
		Data\1989sked.txt = Data\1989sked.txt
		Data\1990sked.txt = Data\1990sked.txt
		Data\1991sked.txt = Data\1991sked.txt
		Data\1992sked.txt = Data\1992sked.txt
		Data\1993sked.txt = Data\1993sked.txt
		Data\1994sked.txt = Data\1994sked.txt
		Data\1995sked.txt = Data\1995sked.txt
		Data\1996sked.txt = Data\1996sked.txt
		Data\1997sked.txt = Data\1997sked.txt
		Data\1998sked.txt = Data\1998sked.txt
		Data\1999sked.txt = Data\1999sked.txt
		Data\2000sked.txt = Data\2000sked.txt
		Data\2001sked.txt = Data\2001sked.txt
		Data\2002sked.txt = Data\2002sked.txt
		Data\2003sked.txt = Data\2003sked.txt
		Data\2004sked.txt = Data\2004sked.txt
		Data\2005sked.txt = Data\2005sked.txt
		Data\2006sked.txt = Data\2006sked.txt
		Data\2007sked.txt = Data\2007sked.txt
		Data\2008sked.txt = Data\2008sked.txt
		Data\2009sked.txt = Data\2009sked.txt
		Data\2010sked.txt = Data\2010sked.txt
		Data\2011sked.txt = Data\2011sked.txt
		Data\2012sked.txt = Data\2012sked.txt
		Data\2013sked.txt = Data\2013sked.txt
		Data\2014sked.txt = Data\2014sked.txt
		Data\2015sked.txt = Data\2015sked.txt
		Data\2016sked.txt = Data\2016sked.txt
		Data\format1877.txt = Data\format1877.txt
		Data\format1878.txt = Data\format1878.txt
		Data\format1879.txt = Data\format1879.txt
		Data\format1880.txt = Data\format1880.txt
		Data\format1881.txt = Data\format1881.txt
		Data\format1882.txt = Data\format1882.txt
		Data\format1883.txt = Data\format1883.txt
		Data\format1884.txt = Data\format1884.txt
		Data\format1885.txt = Data\format1885.txt
		Data\format1886.txt = Data\format1886.txt
		Data\format1887.txt = Data\format1887.txt
		Data\format1888.txt = Data\format1888.txt
		Data\format1889.txt = Data\format1889.txt
		Data\format1890.txt = Data\format1890.txt
		Data\format1891.txt = Data\format1891.txt
		Data\format1892.txt = Data\format1892.txt
		Data\format1900.txt = Data\format1900.txt
		Data\format1901.txt = Data\format1901.txt
		Data\format1902.txt = Data\format1902.txt
		Data\format1903.txt = Data\format1903.txt
		Data\format1952.txt = Data\format1952.txt
		Data\format1953.txt = Data\format1953.txt
		Data\format1954.txt = Data\format1954.txt
		Data\format1955.txt = Data\format1955.txt
		Data\format1958.txt = Data\format1958.txt
		Data\format1961.txt = Data\format1961.txt
		Data\format1962.txt = Data\format1962.txt
		Data\format1965.txt = Data\format1965.txt
		Data\format1966.txt = Data\format1966.txt
		Data\format1968.txt = Data\format1968.txt
		Data\format1969.txt = Data\format1969.txt
		Data\format1970.txt = Data\format1970.txt
		Data\format1972.txt = Data\format1972.txt
		Data\format1977.txt = Data\format1977.txt
		Data\format1993.txt = Data\format1993.txt
		Data\format1994.txt = Data\format1994.txt
		Data\format1998.txt = Data\format1998.txt
		Data\format2005.txt = Data\format2005.txt
		Data\format2012.txt = Data\format2012.txt
		Data\format2013.txt = Data\format2013.txt
		Data\formatall.txt = Data\formatall.txt
		Data\groups.txt = Data\groups.txt
		Data\leagues.txt = Data\leagues.txt
		Data\teams.txt = Data\teams.txt
	EndProjectSection
EndProject
Global
	GlobalSection(SolutionConfigurationPlatforms) = preSolution
		Debug|Any CPU = Debug|Any CPU
		Release|Any CPU = Release|Any CPU
	EndGlobalSection
	GlobalSection(ProjectConfigurationPlatforms) = postSolution
		{CDC18EA8-6DA6-47AD-9D66-B5323441C2D0}.Debug|Any CPU.ActiveCfg = Debug|Any CPU
		{CDC18EA8-6DA6-47AD-9D66-B5323441C2D0}.Debug|Any CPU.Build.0 = Debug|Any CPU
		{CDC18EA8-6DA6-47AD-9D66-B5323441C2D0}.Release|Any CPU.ActiveCfg = Release|Any CPU
		{CDC18EA8-6DA6-47AD-9D66-B5323441C2D0}.Release|Any CPU.Build.0 = Release|Any CPU
		{BA55853F-43B2-4940-BD32-ADAEE1076F00}.Debug|Any CPU.ActiveCfg = Debug|Any CPU
		{BA55853F-43B2-4940-BD32-ADAEE1076F00}.Debug|Any CPU.Build.0 = Debug|Any CPU
		{BA55853F-43B2-4940-BD32-ADAEE1076F00}.Release|Any CPU.ActiveCfg = Release|Any CPU
		{BA55853F-43B2-4940-BD32-ADAEE1076F00}.Release|Any CPU.Build.0 = Release|Any CPU
		{470DDCBC-6241-4D5E-81FC-EEBF9E679A0F}.Debug|Any CPU.ActiveCfg = Debug|Any CPU
		{470DDCBC-6241-4D5E-81FC-EEBF9E679A0F}.Debug|Any CPU.Build.0 = Debug|Any CPU
		{470DDCBC-6241-4D5E-81FC-EEBF9E679A0F}.Release|Any CPU.ActiveCfg = Release|Any CPU
		{470DDCBC-6241-4D5E-81FC-EEBF9E679A0F}.Release|Any CPU.Build.0 = Release|Any CPU
	EndGlobalSection
	GlobalSection(SolutionProperties) = preSolution
		HideSolutionNode = FALSE
	EndGlobalSection
EndGlobal
