
Microsoft Visual Studio Solution File, Format Version 12.00
# Visual Studio 14
VisualStudioVersion = 14.0.25420.1
MinimumVisualStudioVersion = 10.0.40219.1
Project("{FAE04EC0-301F-11D3-BF4B-00C04F79EFBC}") = "MLBSchedule.Chart.Application", "MLBSchedule.Chart.Application\MLBSchedule.Chart.Application.csproj", "{CDC18EA8-6DA6-47AD-9D66-B5323441C2D0}"
EndProject
Project("{FAE04EC0-301F-11D3-BF4B-00C04F79EFBC}") = "MLBSchedule.Model", "MBLSchedule.Model\MLBSchedule.Model.csproj", "{BA55853F-43B2-4940-BD32-ADAEE1076F00}"
EndProject
Project("{FAE04EC0-301F-11D3-BF4B-00C04F79EFBC}") = "MLBSchedule.Service", "MLBSchedule.Service\MLBSchedule.Service.csproj", "{470DDCBC-6241-4D5E-81FC-EEBF9E679A0F}"
EndProject
Global
	GlobalSection(SolutionConfigurationPlatforms) = preSolution
		Debug|Any CPU = Debug|Any CPU
		Release|Any CPU = Release|Any CPU
	EndGlobalSection
	GlobalSection(ProjectConfigurationPlatforms) = postSolution
		{CDC18EA8-6DA6-47AD-9D66-B5323441C2D0}.Debug|Any CPU.ActiveCfg = Debug|Any CPU
		{CDC18EA8-6DA6-47AD-9D66-B5323441C2D0}.Debug|Any CPU.Build.0 = Debug|Any CPU
		{CDC18EA8-6DA6-47AD-9D66-B5323441C2D0}.Release|Any CPU.ActiveCfg = Release|Any CPU
		{CDC18EA8-6DA6-47AD-9D66-B5323441C2D0}.Release|Any CPU.Build.0 = Release|Any CPU
		{BA55853F-43B2-4940-BD32-ADAEE1076F00}.Debug|Any CPU.ActiveCfg = Debug|Any CPU
		{BA55853F-43B2-4940-BD32-ADAEE1076F00}.Debug|Any CPU.Build.0 = Debug|Any CPU
		{BA55853F-43B2-4940-BD32-ADAEE1076F00}.Release|Any CPU.ActiveCfg = Release|Any CPU
		{BA55853F-43B2-4940-BD32-ADAEE1076F00}.Release|Any CPU.Build.0 = Release|Any CPU
		{470DDCBC-6241-4D5E-81FC-EEBF9E679A0F}.Debug|Any CPU.ActiveCfg = Debug|Any CPU
		{470DDCBC-6241-4D5E-81FC-EEBF9E679A0F}.Debug|Any CPU.Build.0 = Debug|Any CPU
		{470DDCBC-6241-4D5E-81FC-EEBF9E679A0F}.Release|Any CPU.ActiveCfg = Release|Any CPU
		{470DDCBC-6241-4D5E-81FC-EEBF9E679A0F}.Release|Any CPU.Build.0 = Release|Any CPU
	EndGlobalSection
	GlobalSection(SolutionProperties) = preSolution
		HideSolutionNode = FALSE
	EndGlobalSection
EndGlobal
