
Microsoft Visual Studio Solution File, Format Version 12.00
# Visual Studio 14
VisualStudioVersion = 14.0.25420.1
MinimumVisualStudioVersion = 10.0.40219.1
Project("{FAE04EC0-301F-11D3-BF4B-00C04F79EFBC}") = "MLBSchedule.Chart.Application", "MLBSchedule.Chart.Application\MLBSchedule.Chart.Application.csproj", "{CDC18EA8-6DA6-47AD-9D66-B5323441C2D0}"
EndProject
Project("{FAE04EC0-301F-11D3-BF4B-00C04F79EFBC}") = "MLBSchedule.Model", "MBLSchedule.Model\MLBSchedule.Model.csproj", "{BA55853F-43B2-4940-BD32-ADAEE1076F00}"
EndProject
Project("{FAE04EC0-301F-11D3-BF4B-00C04F79EFBC}") = "MLBSchedule.Service", "MLBSchedule.Service\MLBSchedule.Service.csproj", "{470DDCBC-6241-4D5E-81FC-EEBF9E679A0F}"
EndProject
Project("{2150E333-8FDC-42A3-9474-1A3956D46DE8}") = "Data", "Data", "{668D4E1C-B62D-4469-A9E8-DE212B37E107}"
	ProjectSection(SolutionItems) = preProject
		.keep = .keep
		..\..\..\MLBSchedule\data\1877sked.txt = ..\..\..\MLBSchedule\data\1877sked.txt
		..\..\..\MLBSchedule\data\1878sked.txt = ..\..\..\MLBSchedule\data\1878sked.txt
		..\..\..\MLBSchedule\data\1879sked.txt = ..\..\..\MLBSchedule\data\1879sked.txt
		..\..\..\MLBSchedule\data\1880sked.txt = ..\..\..\MLBSchedule\data\1880sked.txt
		..\..\..\MLBSchedule\data\1881sked.txt = ..\..\..\MLBSchedule\data\1881sked.txt
		..\..\..\MLBSchedule\data\1882sked.txt = ..\..\..\MLBSchedule\data\1882sked.txt
		..\..\..\MLBSchedule\data\1883sked.txt = ..\..\..\MLBSchedule\data\1883sked.txt
		..\..\..\MLBSchedule\data\1884sked.txt = ..\..\..\MLBSchedule\data\1884sked.txt
		..\..\..\MLBSchedule\data\1885sked.txt = ..\..\..\MLBSchedule\data\1885sked.txt
		..\..\..\MLBSchedule\data\1886sked.txt = ..\..\..\MLBSchedule\data\1886sked.txt
		..\..\..\MLBSchedule\data\1887sked.txt = ..\..\..\MLBSchedule\data\1887sked.txt
		..\..\..\MLBSchedule\data\1888sked.txt = ..\..\..\MLBSchedule\data\1888sked.txt
		..\..\..\MLBSchedule\data\1889sked.txt = ..\..\..\MLBSchedule\data\1889sked.txt
		..\..\..\MLBSchedule\data\1890sked.txt = ..\..\..\MLBSchedule\data\1890sked.txt
		..\..\..\MLBSchedule\data\1891sked.txt = ..\..\..\MLBSchedule\data\1891sked.txt
		..\..\..\MLBSchedule\data\1892sked.txt = ..\..\..\MLBSchedule\data\1892sked.txt
		..\..\..\MLBSchedule\data\1893sked.txt = ..\..\..\MLBSchedule\data\1893sked.txt
		..\..\..\MLBSchedule\data\1894sked.txt = ..\..\..\MLBSchedule\data\1894sked.txt
		..\..\..\MLBSchedule\data\1895sked.txt = ..\..\..\MLBSchedule\data\1895sked.txt
		..\..\..\MLBSchedule\data\1896sked.txt = ..\..\..\MLBSchedule\data\1896sked.txt
		..\..\..\MLBSchedule\data\1897sked.txt = ..\..\..\MLBSchedule\data\1897sked.txt
		..\..\..\MLBSchedule\data\1898sked.txt = ..\..\..\MLBSchedule\data\1898sked.txt
		..\..\..\MLBSchedule\data\1899sked.txt = ..\..\..\MLBSchedule\data\1899sked.txt
		..\..\..\MLBSchedule\data\1900sked.txt = ..\..\..\MLBSchedule\data\1900sked.txt
		..\..\..\MLBSchedule\data\1901sked.txt = ..\..\..\MLBSchedule\data\1901sked.txt
		..\..\..\MLBSchedule\data\1902sked.txt = ..\..\..\MLBSchedule\data\1902sked.txt
		..\..\..\MLBSchedule\data\1903sked.txt = ..\..\..\MLBSchedule\data\1903sked.txt
		..\..\..\MLBSchedule\data\1904sked.txt = ..\..\..\MLBSchedule\data\1904sked.txt
		..\..\..\MLBSchedule\data\1905sked.txt = ..\..\..\MLBSchedule\data\1905sked.txt
		..\..\..\MLBSchedule\data\1906sked.txt = ..\..\..\MLBSchedule\data\1906sked.txt
		..\..\..\MLBSchedule\data\1907sked.txt = ..\..\..\MLBSchedule\data\1907sked.txt
		..\..\..\MLBSchedule\data\1908sked.txt = ..\..\..\MLBSchedule\data\1908sked.txt
		..\..\..\MLBSchedule\data\1909sked.txt = ..\..\..\MLBSchedule\data\1909sked.txt
		..\..\..\MLBSchedule\data\1910sked.txt = ..\..\..\MLBSchedule\data\1910sked.txt
		..\..\..\MLBSchedule\data\1911sked.txt = ..\..\..\MLBSchedule\data\1911sked.txt
		..\..\..\MLBSchedule\data\1912sked.txt = ..\..\..\MLBSchedule\data\1912sked.txt
		..\..\..\MLBSchedule\data\1913sked.txt = ..\..\..\MLBSchedule\data\1913sked.txt
		..\..\..\MLBSchedule\data\1914sked.txt = ..\..\..\MLBSchedule\data\1914sked.txt
		..\..\..\MLBSchedule\data\1915sked.txt = ..\..\..\MLBSchedule\data\1915sked.txt
		..\..\..\MLBSchedule\data\1916sked.txt = ..\..\..\MLBSchedule\data\1916sked.txt
		..\..\..\MLBSchedule\data\1917sked.txt = ..\..\..\MLBSchedule\data\1917sked.txt
		..\..\..\MLBSchedule\data\1918sked.txt = ..\..\..\MLBSchedule\data\1918sked.txt
		..\..\..\MLBSchedule\data\1919sked.txt = ..\..\..\MLBSchedule\data\1919sked.txt
		..\..\..\MLBSchedule\data\1920sked.txt = ..\..\..\MLBSchedule\data\1920sked.txt
		..\..\..\MLBSchedule\data\1921sked.txt = ..\..\..\MLBSchedule\data\1921sked.txt
		..\..\..\MLBSchedule\data\1922sked.txt = ..\..\..\MLBSchedule\data\1922sked.txt
		..\..\..\MLBSchedule\data\1923sked.txt = ..\..\..\MLBSchedule\data\1923sked.txt
		..\..\..\MLBSchedule\data\1924sked.txt = ..\..\..\MLBSchedule\data\1924sked.txt
		..\..\..\MLBSchedule\data\1925sked.txt = ..\..\..\MLBSchedule\data\1925sked.txt
		..\..\..\MLBSchedule\data\1926sked.txt = ..\..\..\MLBSchedule\data\1926sked.txt
		..\..\..\MLBSchedule\data\1927sked.txt = ..\..\..\MLBSchedule\data\1927sked.txt
		..\..\..\MLBSchedule\data\1928sked.txt = ..\..\..\MLBSchedule\data\1928sked.txt
		..\..\..\MLBSchedule\data\1929sked.txt = ..\..\..\MLBSchedule\data\1929sked.txt
		..\..\..\MLBSchedule\data\1930sked.txt = ..\..\..\MLBSchedule\data\1930sked.txt
		..\..\..\MLBSchedule\data\1931sked.txt = ..\..\..\MLBSchedule\data\1931sked.txt
		..\..\..\MLBSchedule\data\1932sked.txt = ..\..\..\MLBSchedule\data\1932sked.txt
		..\..\..\MLBSchedule\data\1933sked.txt = ..\..\..\MLBSchedule\data\1933sked.txt
		..\..\..\MLBSchedule\data\1934sked.txt = ..\..\..\MLBSchedule\data\1934sked.txt
		..\..\..\MLBSchedule\data\1935sked.txt = ..\..\..\MLBSchedule\data\1935sked.txt
		..\..\..\MLBSchedule\data\1936sked.txt = ..\..\..\MLBSchedule\data\1936sked.txt
		..\..\..\MLBSchedule\data\1937sked.txt = ..\..\..\MLBSchedule\data\1937sked.txt
		..\..\..\MLBSchedule\data\1938sked.txt = ..\..\..\MLBSchedule\data\1938sked.txt
		..\..\..\MLBSchedule\data\1939sked.txt = ..\..\..\MLBSchedule\data\1939sked.txt
		..\..\..\MLBSchedule\data\1940sked.txt = ..\..\..\MLBSchedule\data\1940sked.txt
		..\..\..\MLBSchedule\data\1941sked.txt = ..\..\..\MLBSchedule\data\1941sked.txt
		..\..\..\MLBSchedule\data\1942sked.txt = ..\..\..\MLBSchedule\data\1942sked.txt
		..\..\..\MLBSchedule\data\1943sked.txt = ..\..\..\MLBSchedule\data\1943sked.txt
		..\..\..\MLBSchedule\data\1944sked.txt = ..\..\..\MLBSchedule\data\1944sked.txt
		..\..\..\MLBSchedule\data\1945sked.txt = ..\..\..\MLBSchedule\data\1945sked.txt
		..\..\..\MLBSchedule\data\1946sked.txt = ..\..\..\MLBSchedule\data\1946sked.txt
		..\..\..\MLBSchedule\data\1947sked.txt = ..\..\..\MLBSchedule\data\1947sked.txt
		..\..\..\MLBSchedule\data\1948sked.txt = ..\..\..\MLBSchedule\data\1948sked.txt
		..\..\..\MLBSchedule\data\1949sked.txt = ..\..\..\MLBSchedule\data\1949sked.txt
		..\..\..\MLBSchedule\data\1950sked.txt = ..\..\..\MLBSchedule\data\1950sked.txt
		..\..\..\MLBSchedule\data\1951sked.txt = ..\..\..\MLBSchedule\data\1951sked.txt
		..\..\..\MLBSchedule\data\1952sked.txt = ..\..\..\MLBSchedule\data\1952sked.txt
		..\..\..\MLBSchedule\data\1953sked.txt = ..\..\..\MLBSchedule\data\1953sked.txt
		..\..\..\MLBSchedule\data\1954sked.txt = ..\..\..\MLBSchedule\data\1954sked.txt
		..\..\..\MLBSchedule\data\1955sked.txt = ..\..\..\MLBSchedule\data\1955sked.txt
		..\..\..\MLBSchedule\data\1956sked.txt = ..\..\..\MLBSchedule\data\1956sked.txt
		..\..\..\MLBSchedule\data\1957sked.txt = ..\..\..\MLBSchedule\data\1957sked.txt
		..\..\..\MLBSchedule\data\1958sked.txt = ..\..\..\MLBSchedule\data\1958sked.txt
		..\..\..\MLBSchedule\data\1959sked.txt = ..\..\..\MLBSchedule\data\1959sked.txt
		..\..\..\MLBSchedule\data\1960sked.txt = ..\..\..\MLBSchedule\data\1960sked.txt
		..\..\..\MLBSchedule\data\1961sked.txt = ..\..\..\MLBSchedule\data\1961sked.txt
		..\..\..\MLBSchedule\data\1962sked.txt = ..\..\..\MLBSchedule\data\1962sked.txt
		..\..\..\MLBSchedule\data\1963sked.txt = ..\..\..\MLBSchedule\data\1963sked.txt
		..\..\..\MLBSchedule\data\1964sked.txt = ..\..\..\MLBSchedule\data\1964sked.txt
		..\..\..\MLBSchedule\data\1965sked.txt = ..\..\..\MLBSchedule\data\1965sked.txt
		..\..\..\MLBSchedule\data\1966sked.txt = ..\..\..\MLBSchedule\data\1966sked.txt
		..\..\..\MLBSchedule\data\1967sked.txt = ..\..\..\MLBSchedule\data\1967sked.txt
		..\..\..\MLBSchedule\data\1968sked.txt = ..\..\..\MLBSchedule\data\1968sked.txt
		..\..\..\MLBSchedule\data\1969sked.txt = ..\..\..\MLBSchedule\data\1969sked.txt
		..\..\..\MLBSchedule\data\1970sked.txt = ..\..\..\MLBSchedule\data\1970sked.txt
		..\..\..\MLBSchedule\data\1971sked.txt = ..\..\..\MLBSchedule\data\1971sked.txt
		..\..\..\MLBSchedule\data\1972sked.txt = ..\..\..\MLBSchedule\data\1972sked.txt
		..\..\..\MLBSchedule\data\1973sked.txt = ..\..\..\MLBSchedule\data\1973sked.txt
		..\..\..\MLBSchedule\data\1974sked.txt = ..\..\..\MLBSchedule\data\1974sked.txt
		..\..\..\MLBSchedule\data\1975sked.txt = ..\..\..\MLBSchedule\data\1975sked.txt
		..\..\..\MLBSchedule\data\1976sked.txt = ..\..\..\MLBSchedule\data\1976sked.txt
		..\..\..\MLBSchedule\data\1977sked.txt = ..\..\..\MLBSchedule\data\1977sked.txt
		..\..\..\MLBSchedule\data\1978sked.txt = ..\..\..\MLBSchedule\data\1978sked.txt
		..\..\..\MLBSchedule\data\1979sked.txt = ..\..\..\MLBSchedule\data\1979sked.txt
		..\..\..\MLBSchedule\data\1980sked.txt = ..\..\..\MLBSchedule\data\1980sked.txt
		..\..\..\MLBSchedule\data\1981sked.txt = ..\..\..\MLBSchedule\data\1981sked.txt
		..\..\..\MLBSchedule\data\1982sked.txt = ..\..\..\MLBSchedule\data\1982sked.txt
		..\..\..\MLBSchedule\data\1983sked.txt = ..\..\..\MLBSchedule\data\1983sked.txt
		..\..\..\MLBSchedule\data\1984sked.txt = ..\..\..\MLBSchedule\data\1984sked.txt
		..\..\..\MLBSchedule\data\1985sked.txt = ..\..\..\MLBSchedule\data\1985sked.txt
		..\..\..\MLBSchedule\data\1986sked.txt = ..\..\..\MLBSchedule\data\1986sked.txt
		..\..\..\MLBSchedule\data\1987sked.txt = ..\..\..\MLBSchedule\data\1987sked.txt
		..\..\..\MLBSchedule\data\1988sked.txt = ..\..\..\MLBSchedule\data\1988sked.txt
		..\..\..\MLBSchedule\data\1989sked.txt = ..\..\..\MLBSchedule\data\1989sked.txt
		..\..\..\MLBSchedule\data\1990sked.txt = ..\..\..\MLBSchedule\data\1990sked.txt
		..\..\..\MLBSchedule\data\1991sked.txt = ..\..\..\MLBSchedule\data\1991sked.txt
		..\..\..\MLBSchedule\data\1992sked.txt = ..\..\..\MLBSchedule\data\1992sked.txt
		..\..\..\MLBSchedule\data\1993sked.txt = ..\..\..\MLBSchedule\data\1993sked.txt
		..\..\..\MLBSchedule\data\1994sked.txt = ..\..\..\MLBSchedule\data\1994sked.txt
		..\..\..\MLBSchedule\data\1995sked.txt = ..\..\..\MLBSchedule\data\1995sked.txt
		..\..\..\MLBSchedule\data\1996sked.txt = ..\..\..\MLBSchedule\data\1996sked.txt
		..\..\..\MLBSchedule\data\1997sked.txt = ..\..\..\MLBSchedule\data\1997sked.txt
		..\..\..\MLBSchedule\data\1998sked.txt = ..\..\..\MLBSchedule\data\1998sked.txt
		..\..\..\MLBSchedule\data\1999sked.txt = ..\..\..\MLBSchedule\data\1999sked.txt
		..\..\..\MLBSchedule\data\2000sked.txt = ..\..\..\MLBSchedule\data\2000sked.txt
		..\..\..\MLBSchedule\data\2001sked.txt = ..\..\..\MLBSchedule\data\2001sked.txt
		..\..\..\MLBSchedule\data\2002sked.txt = ..\..\..\MLBSchedule\data\2002sked.txt
		..\..\..\MLBSchedule\data\2003sked.txt = ..\..\..\MLBSchedule\data\2003sked.txt
		..\..\..\MLBSchedule\data\2004sked.txt = ..\..\..\MLBSchedule\data\2004sked.txt
		..\..\..\MLBSchedule\data\2005sked.txt = ..\..\..\MLBSchedule\data\2005sked.txt
		..\..\..\MLBSchedule\data\2006sked.txt = ..\..\..\MLBSchedule\data\2006sked.txt
		..\..\..\MLBSchedule\data\2007sked.txt = ..\..\..\MLBSchedule\data\2007sked.txt
		..\..\..\MLBSchedule\data\2008sked.txt = ..\..\..\MLBSchedule\data\2008sked.txt
		..\..\..\MLBSchedule\data\2009sked.txt = ..\..\..\MLBSchedule\data\2009sked.txt
		..\..\..\MLBSchedule\data\2010sked.txt = ..\..\..\MLBSchedule\data\2010sked.txt
		..\..\..\MLBSchedule\data\2011sked.txt = ..\..\..\MLBSchedule\data\2011sked.txt
		..\..\..\MLBSchedule\data\2012sked.txt = ..\..\..\MLBSchedule\data\2012sked.txt
		..\..\..\MLBSchedule\data\2013sked.txt = ..\..\..\MLBSchedule\data\2013sked.txt
		..\..\..\MLBSchedule\data\2014sked.txt = ..\..\..\MLBSchedule\data\2014sked.txt
		..\..\..\MLBSchedule\data\2015sked.txt = ..\..\..\MLBSchedule\data\2015sked.txt
		..\..\..\MLBSchedule\data\2016sked.txt = ..\..\..\MLBSchedule\data\2016sked.txt
		..\..\..\MLBSchedule\data\format1889.txt = ..\..\..\MLBSchedule\data\format1889.txt
		..\..\..\MLBSchedule\data\format1890.txt = ..\..\..\MLBSchedule\data\format1890.txt
		..\..\..\MLBSchedule\data\format1891.txt = ..\..\..\MLBSchedule\data\format1891.txt
		..\..\..\MLBSchedule\data\format1892.txt = ..\..\..\MLBSchedule\data\format1892.txt
		..\..\..\MLBSchedule\data\format1900.txt = ..\..\..\MLBSchedule\data\format1900.txt
		..\..\..\MLBSchedule\data\format1901.txt = ..\..\..\MLBSchedule\data\format1901.txt
		..\..\..\MLBSchedule\data\format1902.txt = ..\..\..\MLBSchedule\data\format1902.txt
		..\..\..\MLBSchedule\data\format1903.txt = ..\..\..\MLBSchedule\data\format1903.txt
		..\..\..\MLBSchedule\data\format1953.txt = ..\..\..\MLBSchedule\data\format1953.txt
		..\..\..\MLBSchedule\data\format1954.txt = ..\..\..\MLBSchedule\data\format1954.txt
		..\..\..\MLBSchedule\data\format1955.txt = ..\..\..\MLBSchedule\data\format1955.txt
		..\..\..\MLBSchedule\data\format1958.txt = ..\..\..\MLBSchedule\data\format1958.txt
		..\..\..\MLBSchedule\data\format1960.txt = ..\..\..\MLBSchedule\data\format1960.txt
		..\..\..\MLBSchedule\data\format1961.txt = ..\..\..\MLBSchedule\data\format1961.txt
		..\..\..\MLBSchedule\data\format1962.txt = ..\..\..\MLBSchedule\data\format1962.txt
		..\..\..\MLBSchedule\data\format1965.txt = ..\..\..\MLBSchedule\data\format1965.txt
		..\..\..\MLBSchedule\data\format1966.txt = ..\..\..\MLBSchedule\data\format1966.txt
		..\..\..\MLBSchedule\data\format1968.txt = ..\..\..\MLBSchedule\data\format1968.txt
		..\..\..\MLBSchedule\data\format1969.txt = ..\..\..\MLBSchedule\data\format1969.txt
		..\..\..\MLBSchedule\data\format1970.txt = ..\..\..\MLBSchedule\data\format1970.txt
		..\..\..\MLBSchedule\data\format1972.txt = ..\..\..\MLBSchedule\data\format1972.txt
		..\..\..\MLBSchedule\data\format1977.txt = ..\..\..\MLBSchedule\data\format1977.txt
		..\..\..\MLBSchedule\data\format1993.txt = ..\..\..\MLBSchedule\data\format1993.txt
		..\..\..\MLBSchedule\data\format1994.txt = ..\..\..\MLBSchedule\data\format1994.txt
		..\..\..\MLBSchedule\data\format1997.txt = ..\..\..\MLBSchedule\data\format1997.txt
		..\..\..\MLBSchedule\data\format1998.txt = ..\..\..\MLBSchedule\data\format1998.txt
		..\..\..\MLBSchedule\data\format2005.txt = ..\..\..\MLBSchedule\data\format2005.txt
		..\..\..\MLBSchedule\data\format2012.txt = ..\..\..\MLBSchedule\data\format2012.txt
		..\..\..\MLBSchedule\data\format2013.txt = ..\..\..\MLBSchedule\data\format2013.txt
		..\..\..\MLBSchedule\data\formatall.txt = ..\..\..\MLBSchedule\data\formatall.txt
	EndProjectSection
EndProject
Global
	GlobalSection(SolutionConfigurationPlatforms) = preSolution
		Debug|Any CPU = Debug|Any CPU
		Release|Any CPU = Release|Any CPU
	EndGlobalSection
	GlobalSection(ProjectConfigurationPlatforms) = postSolution
		{CDC18EA8-6DA6-47AD-9D66-B5323441C2D0}.Debug|Any CPU.ActiveCfg = Debug|Any CPU
		{CDC18EA8-6DA6-47AD-9D66-B5323441C2D0}.Debug|Any CPU.Build.0 = Debug|Any CPU
		{CDC18EA8-6DA6-47AD-9D66-B5323441C2D0}.Release|Any CPU.ActiveCfg = Release|Any CPU
		{CDC18EA8-6DA6-47AD-9D66-B5323441C2D0}.Release|Any CPU.Build.0 = Release|Any CPU
		{BA55853F-43B2-4940-BD32-ADAEE1076F00}.Debug|Any CPU.ActiveCfg = Debug|Any CPU
		{BA55853F-43B2-4940-BD32-ADAEE1076F00}.Debug|Any CPU.Build.0 = Debug|Any CPU
		{BA55853F-43B2-4940-BD32-ADAEE1076F00}.Release|Any CPU.ActiveCfg = Release|Any CPU
		{BA55853F-43B2-4940-BD32-ADAEE1076F00}.Release|Any CPU.Build.0 = Release|Any CPU
		{470DDCBC-6241-4D5E-81FC-EEBF9E679A0F}.Debug|Any CPU.ActiveCfg = Debug|Any CPU
		{470DDCBC-6241-4D5E-81FC-EEBF9E679A0F}.Debug|Any CPU.Build.0 = Debug|Any CPU
		{470DDCBC-6241-4D5E-81FC-EEBF9E679A0F}.Release|Any CPU.ActiveCfg = Release|Any CPU
		{470DDCBC-6241-4D5E-81FC-EEBF9E679A0F}.Release|Any CPU.Build.0 = Release|Any CPU
	EndGlobalSection
	GlobalSection(SolutionProperties) = preSolution
		HideSolutionNode = FALSE
	EndGlobalSection
EndGlobal
